{
  "requires": true,
  "lockfileVersion": 1,
  "dependencies": {
    "pako": {
      "version": "1.0.10",
      "resolved": "https://registry.npm.taobao.org/pako/download/pako-1.0.10.tgz",
      "integrity": "sha1-Qyi621CGpCaqkPVBl31JVdpclzI="
    },
    "upng-js": {
      "version": "2.1.0",
      "resolved": "https://registry.npm.taobao.org/upng-js/download/upng-js-2.1.0.tgz",
      "integrity": "sha1-cXbnOXPbNhypXQ+hT5WDhdtrndI=",
      "requires": {
        "pako": "^1.0.5"
      }
    }
  }
}
